// !$*UTF8*$!
{
	archiveVersion = 1;
	classes = {
	};
	objectVersion = 77;
	objects = {

/* Begin PBXBuildFile section */
		F70A490A2EFEFD0000CBD639 /* ComposableArchitecture in Frameworks */ = {isa = PBXBuildFile; productRef = F70A49092EFEFD0000CBD639 /* ComposableArchitecture */; };
		F7B12A002F1300000000001A /* WhisperKit in Frameworks */ = {isa = PBXBuildFile; productRef = F7B12A002F1300000000001B /* WhisperKit */; };
		F7HOTKEY0000000000000001 /* HotKey in Frameworks */ = {isa = PBXBuildFile; productRef = F7HOTKEY0000000000000002 /* HotKey */; };
/* End PBXBuildFile section */

/* Begin PBXContainerItemProxy section */
		F70A49102EFEFD0200CBD639 /* PBXContainerItemProxy */ = {
			isa = PBXContainerItemProxy;
			containerPortal = F70A48EE2EFEFCC800CBD639 /* Project object */;
			proxyType = 1;
			remoteGlobalIDString = F70A48F52EFEFCC800CBD639;
			remoteInfo = WhisperPad;
		};
/* End PBXContainerItemProxy section */

/* Begin PBXFileReference section */
		F70A48F62EFEFCC800CBD639 /* WhisperPad.app */ = {isa = PBXFileReference; explicitFileType = wrapper.application; includeInIndex = 0; path = WhisperPad.app; sourceTree = BUILT_PRODUCTS_DIR; };
		F70A490E2EFEFD0200CBD639 /* WhisperPadTests.xctest */ = {isa = PBXFileReference; explicitFileType = wrapper.cfbundle; includeInIndex = 0; path = WhisperPadTests.xctest; sourceTree = BUILT_PRODUCTS_DIR; };
/* End PBXFileReference section */

/* Begin PBXFileSystemSynchronizedRootGroup section */
		F70A48F82EFEFCC800CBD639 /* WhisperPad */ = {
			isa = PBXFileSystemSynchronizedRootGroup;
			path = WhisperPad;
			sourceTree = "<group>";
		};
		F70A490F2EFEFD0200CBD639 /* WhisperPadTests */ = {
			isa = PBXFileSystemSynchronizedRootGroup;
			path = WhisperPadTests;
			sourceTree = "<group>";
		};
/* End PBXFileSystemSynchronizedRootGroup section */

/* Begin PBXFrameworksBuildPhase section */
		F70A48F32EFEFCC800CBD639 /* Frameworks */ = {
			isa = PBXFrameworksBuildPhase;
			buildActionMask = 2147483647;
			files = (
				F70A490A2EFEFD0000CBD639 /* ComposableArchitecture in Frameworks */,
				F7B12A002F1300000000001A /* WhisperKit in Frameworks */,
				F7HOTKEY0000000000000001 /* HotKey in Frameworks */,
			);
			runOnlyForDeploymentPostprocessing = 0;
		};
		F70A49112EFEFD0200CBD639 /* Frameworks */ = {
			isa = PBXFrameworksBuildPhase;
			buildActionMask = 2147483647;
			files = (
			);
			runOnlyForDeploymentPostprocessing = 0;
		};
/* End PBXFrameworksBuildPhase section */

/* Begin PBXGroup section */
		F70A48ED2EFEFCC800CBD639 = {
			isa = PBXGroup;
			children = (
				F7987A3C2F081264002DC40A /* Resources */,
				F70A48F82EFEFCC800CBD639 /* WhisperPad */,
				F70A490F2EFEFD0200CBD639 /* WhisperPadTests */,
				F70A48F72EFEFCC800CBD639 /* Products */,
			);
			sourceTree = "<group>";
		};
		F70A48F72EFEFCC800CBD639 /* Products */ = {
			isa = PBXGroup;
			children = (
				F70A48F62EFEFCC800CBD639 /* WhisperPad.app */,
				F70A490E2EFEFD0200CBD639 /* WhisperPadTests.xctest */,
			);
			name = Products;
			sourceTree = "<group>";
		};
		F7987A3C2F081264002DC40A /* Resources */ = {
			isa = PBXGroup;
			children = (
			);
			path = Resources;
			sourceTree = "<group>";
		};
/* End PBXGroup section */

/* Begin PBXNativeTarget section */
		F70A48F52EFEFCC800CBD639 /* WhisperPad */ = {
			isa = PBXNativeTarget;
			buildConfigurationList = F70A49012EFEFCC900CBD639 /* Build configuration list for PBXNativeTarget "WhisperPad" */;
			buildPhases = (
				F70A48F22EFEFCC800CBD639 /* Sources */,
				F70A48F32EFEFCC800CBD639 /* Frameworks */,
				F70A48F42EFEFCC800CBD639 /* Resources */,
				F70A490B2EFEFD0100CBD639 /* SwiftLint */,
			);
			buildRules = (
			);
			dependencies = (
			);
			fileSystemSynchronizedGroups = (
				F70A48F82EFEFCC800CBD639 /* WhisperPad */,
			);
			name = WhisperPad;
			packageProductDependencies = (
				F70A49092EFEFD0000CBD639 /* ComposableArchitecture */,
				F7B12A002F1300000000001B /* WhisperKit */,
				F7HOTKEY0000000000000002 /* HotKey */,
			);
			productName = WhisperPad;
			productReference = F70A48F62EFEFCC800CBD639 /* WhisperPad.app */;
			productType = "com.apple.product-type.application";
		};
		F70A490D2EFEFD0200CBD639 /* WhisperPadTests */ = {
			isa = PBXNativeTarget;
			buildConfigurationList = F70A49142EFEFD0200CBD639 /* Build configuration list for PBXNativeTarget "WhisperPadTests" */;
			buildPhases = (
				F70A49122EFEFD0200CBD639 /* Sources */,
				F70A49112EFEFD0200CBD639 /* Frameworks */,
				F70A49132EFEFD0200CBD639 /* Resources */,
			);
			buildRules = (
			);
			dependencies = (
				F70A49152EFEFD0200CBD639 /* PBXTargetDependency */,
			);
			fileSystemSynchronizedGroups = (
				F70A490F2EFEFD0200CBD639 /* WhisperPadTests */,
			);
			name = WhisperPadTests;
			packageProductDependencies = (
			);
			productName = WhisperPadTests;
			productReference = F70A490E2EFEFD0200CBD639 /* WhisperPadTests.xctest */;
			productType = "com.apple.product-type.bundle.unit-test";
		};
/* End PBXNativeTarget section */

/* Begin PBXProject section */
		F70A48EE2EFEFCC800CBD639 /* Project object */ = {
			isa = PBXProject;
			attributes = {
				BuildIndependentTargetsInParallel = 1;
				LastSwiftUpdateCheck = 2610;
				LastUpgradeCheck = 2610;
				TargetAttributes = {
					F70A48F52EFEFCC800CBD639 = {
						CreatedOnToolsVersion = 26.1.1;
					};
					F70A490D2EFEFD0200CBD639 = {
						CreatedOnToolsVersion = 26.1.1;
						TestTargetID = F70A48F52EFEFCC800CBD639;
					};
				};
			};
			buildConfigurationList = F70A48F12EFEFCC800CBD639 /* Build configuration list for PBXProject "WhisperPad" */;
			developmentRegion = en;
			hasScannedForEncodings = 0;
			knownRegions = (
				en,
				Base,
				ja,
			);
			mainGroup = F70A48ED2EFEFCC800CBD639;
			minimizedProjectReferenceProxies = 1;
			packageReferences = (
				F70A49082EFEFD0000CBD639 /* XCRemoteSwiftPackageReference "swift-composable-architecture" */,
				F7B12A002F1300000000001C /* XCRemoteSwiftPackageReference "WhisperKit" */,
				F7HOTKEY0000000000000003 /* XCRemoteSwiftPackageReference "HotKey" */,
			);
			preferredProjectObjectVersion = 77;
			productRefGroup = F70A48F72EFEFCC800CBD639 /* Products */;
			projectDirPath = "";
			projectRoot = "";
			targets = (
				F70A48F52EFEFCC800CBD639 /* WhisperPad */,
				F70A490D2EFEFD0200CBD639 /* WhisperPadTests */,
			);
		};
/* End PBXProject section */

/* Begin PBXResourcesBuildPhase section */
		F70A48F42EFEFCC800CBD639 /* Resources */ = {
			isa = PBXResourcesBuildPhase;
			buildActionMask = 2147483647;
			files = (
			);
			runOnlyForDeploymentPostprocessing = 0;
		};
		F70A49132EFEFD0200CBD639 /* Resources */ = {
			isa = PBXResourcesBuildPhase;
			buildActionMask = 2147483647;
			files = (
			);
			runOnlyForDeploymentPostprocessing = 0;
		};
/* End PBXResourcesBuildPhase section */

/* Begin PBXShellScriptBuildPhase section */
		F70A490B2EFEFD0100CBD639 /* SwiftLint */ = {
			isa = PBXShellScriptBuildPhase;
			alwaysOutOfDate = 1;
			buildActionMask = 2147483647;
			files = (
			);
			inputFileListPaths = (
			);
			inputPaths = (
			);
			name = SwiftLint;
			outputFileListPaths = (
			);
			outputPaths = (
			);
			runOnlyForDeploymentPostprocessing = 0;
			shellPath = /bin/sh;
			shellScript = "export PATH=\"/opt/homebrew/bin:$PATH\"\nif which mise > /dev/null; then\n  mise exec -- swiftlint\nelse\n  echo \"warning: mise not installed, download from https://mise.jdx.dev\"\nfi\n";
		};
/* End PBXShellScriptBuildPhase section */

/* Begin PBXSourcesBuildPhase section */
		F70A48F22EFEFCC800CBD639 /* Sources */ = {
			isa = PBXSourcesBuildPhase;
			buildActionMask = 2147483647;
			files = (
			);
			runOnlyForDeploymentPostprocessing = 0;
		};
		F70A49122EFEFD0200CBD639 /* Sources */ = {
			isa = PBXSourcesBuildPhase;
			buildActionMask = 2147483647;
			files = (
			);
			runOnlyForDeploymentPostprocessing = 0;
		};
/* End PBXSourcesBuildPhase section */

/* Begin PBXTargetDependency section */
		F70A49152EFEFD0200CBD639 /* PBXTargetDependency */ = {
			isa = PBXTargetDependency;
			target = F70A48F52EFEFCC800CBD639 /* WhisperPad */;
			targetProxy = F70A49102EFEFD0200CBD639 /* PBXContainerItemProxy */;
		};
/* End PBXTargetDependency section */

/* Begin XCBuildConfiguration section */
		F70A48FF2EFEFCC900CBD639 /* Debug */ = {
			isa = XCBuildConfiguration;
			buildSettings = {
				ALWAYS_SEARCH_USER_PATHS = NO;
				ASSETCATALOG_COMPILER_GENERATE_SWIFT_ASSET_SYMBOL_EXTENSIONS = YES;
				CLANG_ANALYZER_NONNULL = YES;
				CLANG_ANALYZER_NUMBER_OBJECT_CONVERSION = YES_AGGRESSIVE;
				CLANG_CXX_LANGUAGE_STANDARD = "gnu++20";
				CLANG_ENABLE_MODULES = YES;
				CLANG_ENABLE_OBJC_ARC = YES;
				CLANG_ENABLE_OBJC_WEAK = YES;
				CLANG_WARN_BLOCK_CAPTURE_AUTORELEASING = YES;
				CLANG_WARN_BOOL_CONVERSION = YES;
				CLANG_WARN_COMMA = YES;
				CLANG_WARN_CONSTANT_CONVERSION = YES;
				CLANG_WARN_DEPRECATED_OBJC_IMPLEMENTATIONS = YES;
				CLANG_WARN_DIRECT_OBJC_ISA_USAGE = YES_ERROR;
				CLANG_WARN_DOCUMENTATION_COMMENTS = YES;
				CLANG_WARN_EMPTY_BODY = YES;
				CLANG_WARN_ENUM_CONVERSION = YES;
				CLANG_WARN_INFINITE_RECURSION = YES;
				CLANG_WARN_INT_CONVERSION = YES;
				CLANG_WARN_NON_LITERAL_NULL_CONVERSION = YES;
				CLANG_WARN_OBJC_IMPLICIT_RETAIN_SELF = YES;
				CLANG_WARN_OBJC_LITERAL_CONVERSION = YES;
				CLANG_WARN_OBJC_ROOT_CLASS = YES_ERROR;
				CLANG_WARN_QUOTED_INCLUDE_IN_FRAMEWORK_HEADER = YES;
				CLANG_WARN_RANGE_LOOP_ANALYSIS = YES;
				CLANG_WARN_STRICT_PROTOTYPES = YES;
				CLANG_WARN_SUSPICIOUS_MOVE = YES;
				CLANG_WARN_UNGUARDED_AVAILABILITY = YES_AGGRESSIVE;
				CLANG_WARN_UNREACHABLE_CODE = YES;
				CLANG_WARN__DUPLICATE_METHOD_MATCH = YES;
				COPY_PHASE_STRIP = NO;
				DEBUG_INFORMATION_FORMAT = dwarf;
				DEVELOPMENT_TEAM = Y9M563G252;
				ENABLE_STRICT_OBJC_MSGSEND = YES;
				ENABLE_TESTABILITY = YES;
				ENABLE_USER_SCRIPT_SANDBOXING = NO;
				GCC_C_LANGUAGE_STANDARD = gnu17;
				GCC_DYNAMIC_NO_PIC = NO;
				GCC_NO_COMMON_BLOCKS = YES;
				GCC_OPTIMIZATION_LEVEL = 0;
				GCC_PREPROCESSOR_DEFINITIONS = (
					"DEBUG=1",
					"$(inherited)",
				);
				GCC_WARN_64_TO_32_BIT_CONVERSION = YES;
				GCC_WARN_ABOUT_RETURN_TYPE = YES_ERROR;
				GCC_WARN_UNDECLARED_SELECTOR = YES;
				GCC_WARN_UNINITIALIZED_AUTOS = YES_AGGRESSIVE;
				GCC_WARN_UNUSED_FUNCTION = YES;
				GCC_WARN_UNUSED_VARIABLE = YES;
				LOCALIZATION_PREFERS_STRING_CATALOGS = YES;
				MTL_ENABLE_DEBUG_INFO = INCLUDE_SOURCE;
				MTL_FAST_MATH = YES;
				ONLY_ACTIVE_ARCH = YES;
				SWIFT_ACTIVE_COMPILATION_CONDITIONS = "DEBUG $(inherited)";
				SWIFT_OPTIMIZATION_LEVEL = "-Onone";
			};
			name = Debug;
		};
		F70A49002EFEFCC900CBD639 /* Release */ = {
			isa = XCBuildConfiguration;
			buildSettings = {
				ALWAYS_SEARCH_USER_PATHS = NO;
				ASSETCATALOG_COMPILER_GENERATE_SWIFT_ASSET_SYMBOL_EXTENSIONS = YES;
				CLANG_ANALYZER_NONNULL = YES;
				CLANG_ANALYZER_NUMBER_OBJECT_CONVERSION = YES_AGGRESSIVE;
				CLANG_CXX_LANGUAGE_STANDARD = "gnu++20";
				CLANG_ENABLE_MODULES = YES;
				CLANG_ENABLE_OBJC_ARC = YES;
				CLANG_ENABLE_OBJC_WEAK = YES;
				CLANG_WARN_BLOCK_CAPTURE_AUTORELEASING = YES;
				CLANG_WARN_BOOL_CONVERSION = YES;
				CLANG_WARN_COMMA = YES;
				CLANG_WARN_CONSTANT_CONVERSION = YES;
				CLANG_WARN_DEPRECATED_OBJC_IMPLEMENTATIONS = YES;
				CLANG_WARN_DIRECT_OBJC_ISA_USAGE = YES_ERROR;
				CLANG_WARN_DOCUMENTATION_COMMENTS = YES;
				CLANG_WARN_EMPTY_BODY = YES;
				CLANG_WARN_ENUM_CONVERSION = YES;
				CLANG_WARN_INFINITE_RECURSION = YES;
				CLANG_WARN_INT_CONVERSION = YES;
				CLANG_WARN_NON_LITERAL_NULL_CONVERSION = YES;
				CLANG_WARN_OBJC_IMPLICIT_RETAIN_SELF = YES;
				CLANG_WARN_OBJC_LITERAL_CONVERSION = YES;
				CLANG_WARN_OBJC_ROOT_CLASS = YES_ERROR;
				CLANG_WARN_QUOTED_INCLUDE_IN_FRAMEWORK_HEADER = YES;
				CLANG_WARN_RANGE_LOOP_ANALYSIS = YES;
				CLANG_WARN_STRICT_PROTOTYPES = YES;
				CLANG_WARN_SUSPICIOUS_MOVE = YES;
				CLANG_WARN_UNGUARDED_AVAILABILITY = YES_AGGRESSIVE;
				CLANG_WARN_UNREACHABLE_CODE = YES;
				CLANG_WARN__DUPLICATE_METHOD_MATCH = YES;
				COPY_PHASE_STRIP = NO;
				DEBUG_INFORMATION_FORMAT = "dwarf-with-dsym";
				DEVELOPMENT_TEAM = Y9M563G252;
				ENABLE_NS_ASSERTIONS = NO;
				ENABLE_STRICT_OBJC_MSGSEND = YES;
				ENABLE_USER_SCRIPT_SANDBOXING = NO;
				GCC_C_LANGUAGE_STANDARD = gnu17;
				GCC_NO_COMMON_BLOCKS = YES;
				GCC_WARN_64_TO_32_BIT_CONVERSION = YES;
				GCC_WARN_ABOUT_RETURN_TYPE = YES_ERROR;
				GCC_WARN_UNDECLARED_SELECTOR = YES;
				GCC_WARN_UNINITIALIZED_AUTOS = YES_AGGRESSIVE;
				GCC_WARN_UNUSED_FUNCTION = YES;
				GCC_WARN_UNUSED_VARIABLE = YES;
				LOCALIZATION_PREFERS_STRING_CATALOGS = YES;
				MTL_ENABLE_DEBUG_INFO = NO;
				MTL_FAST_MATH = YES;
				SWIFT_COMPILATION_MODE = wholemodule;
			};
			name = Release;
		};
		F70A49022EFEFCC900CBD639 /* Debug */ = {
			isa = XCBuildConfiguration;
			buildSettings = {
				ASSETCATALOG_COMPILER_APPICON_NAME = AppIcon;
				ASSETCATALOG_COMPILER_GLOBAL_ACCENT_COLOR_NAME = AccentColor;
				CODE_SIGN_ENTITLEMENTS = WhisperPad/WhisperPad.entitlements;
				CODE_SIGN_STYLE = Automatic;
				CURRENT_PROJECT_VERSION = 1;
				DEVELOPMENT_TEAM = Y9M563G252;
				ENABLE_HARDENED_RUNTIME = YES;
				ENABLE_PREVIEWS = YES;
				GENERATE_INFOPLIST_FILE = YES;
				INFOPLIST_FILE = WhisperPad/Info.plist;
				LD_RUNPATH_SEARCH_PATHS = "@executable_path/Frameworks";
				"LD_RUNPATH_SEARCH_PATHS[sdk=macosx*]" = "@executable_path/../Frameworks";
				MACOSX_DEPLOYMENT_TARGET = 14.0;
				MARKETING_VERSION = 1.0;
				PRODUCT_BUNDLE_IDENTIFIER = com.r0227n.WhisperPad;
				PRODUCT_NAME = "$(TARGET_NAME)";
				SDKROOT = macosx;
				STRING_CATALOG_GENERATE_SYMBOLS = YES;
				SUPPORTED_PLATFORMS = macosx;
				SWIFT_APPROACHABLE_CONCURRENCY = YES;
				SWIFT_DEFAULT_ACTOR_ISOLATION = MainActor;
				SWIFT_EMIT_LOC_STRINGS = YES;
				SWIFT_UPCOMING_FEATURE_MEMBER_IMPORT_VISIBILITY = YES;
				SWIFT_VERSION = 5.0;
			};
			name = Debug;
		};
		F70A49032EFEFCC900CBD639 /* Release */ = {
			isa = XCBuildConfiguration;
			buildSettings = {
				ASSETCATALOG_COMPILER_APPICON_NAME = AppIcon;
				ASSETCATALOG_COMPILER_GLOBAL_ACCENT_COLOR_NAME = AccentColor;
				CODE_SIGN_ENTITLEMENTS = WhisperPad/WhisperPad.entitlements;
				CODE_SIGN_STYLE = Automatic;
				CURRENT_PROJECT_VERSION = 1;
				DEVELOPMENT_TEAM = Y9M563G252;
				ENABLE_HARDENED_RUNTIME = YES;
				ENABLE_PREVIEWS = YES;
				GENERATE_INFOPLIST_FILE = YES;
				INFOPLIST_FILE = WhisperPad/Info.plist;
				LD_RUNPATH_SEARCH_PATHS = "@executable_path/Frameworks";
				"LD_RUNPATH_SEARCH_PATHS[sdk=macosx*]" = "@executable_path/../Frameworks";
				MACOSX_DEPLOYMENT_TARGET = 14.0;
				MARKETING_VERSION = 1.0;
				PRODUCT_BUNDLE_IDENTIFIER = com.r0227n.WhisperPad;
				PRODUCT_NAME = "$(TARGET_NAME)";
				SDKROOT = macosx;
				STRING_CATALOG_GENERATE_SYMBOLS = YES;
				SUPPORTED_PLATFORMS = macosx;
				SWIFT_APPROACHABLE_CONCURRENCY = YES;
				SWIFT_DEFAULT_ACTOR_ISOLATION = MainActor;
				SWIFT_EMIT_LOC_STRINGS = YES;
				SWIFT_UPCOMING_FEATURE_MEMBER_IMPORT_VISIBILITY = YES;
				SWIFT_VERSION = 5.0;
			};
			name = Release;
		};
		F70A49162EFEFD0200CBD639 /* Debug */ = {
			isa = XCBuildConfiguration;
			buildSettings = {
				BUNDLE_LOADER = "$(TEST_HOST)";
				CODE_SIGN_STYLE = Automatic;
				CURRENT_PROJECT_VERSION = 1;
				DEVELOPMENT_TEAM = Y9M563G252;
				GENERATE_INFOPLIST_FILE = YES;
				MACOSX_DEPLOYMENT_TARGET = 14.0;
				MARKETING_VERSION = 1.0;
				PRODUCT_BUNDLE_IDENTIFIER = com.r0227n.WhisperPadTests;
				PRODUCT_NAME = "$(TARGET_NAME)";
				SDKROOT = macosx;
				SUPPORTED_PLATFORMS = macosx;
				SWIFT_APPROACHABLE_CONCURRENCY = YES;
				SWIFT_DEFAULT_ACTOR_ISOLATION = MainActor;
				SWIFT_EMIT_LOC_STRINGS = NO;
				SWIFT_VERSION = 5.0;
				TEST_HOST = "$(BUILT_PRODUCTS_DIR)/WhisperPad.app/$(BUNDLE_EXECUTABLE_FOLDER_PATH)/WhisperPad";
			};
			name = Debug;
		};
		F70A49172EFEFD0200CBD639 /* Release */ = {
			isa = XCBuildConfiguration;
			buildSettings = {
				BUNDLE_LOADER = "$(TEST_HOST)";
				CODE_SIGN_STYLE = Automatic;
				CURRENT_PROJECT_VERSION = 1;
				DEVELOPMENT_TEAM = Y9M563G252;
				GENERATE_INFOPLIST_FILE = YES;
				MACOSX_DEPLOYMENT_TARGET = 14.0;
				MARKETING_VERSION = 1.0;
				PRODUCT_BUNDLE_IDENTIFIER = com.r0227n.WhisperPadTests;
				PRODUCT_NAME = "$(TARGET_NAME)";
				SDKROOT = macosx;
				SUPPORTED_PLATFORMS = macosx;
				SWIFT_APPROACHABLE_CONCURRENCY = YES;
				SWIFT_DEFAULT_ACTOR_ISOLATION = MainActor;
				SWIFT_EMIT_LOC_STRINGS = NO;
				SWIFT_VERSION = 5.0;
				TEST_HOST = "$(BUILT_PRODUCTS_DIR)/WhisperPad.app/$(BUNDLE_EXECUTABLE_FOLDER_PATH)/WhisperPad";
			};
			name = Release;
		};
/* End XCBuildConfiguration section */

/* Begin XCConfigurationList section */
		F70A48F12EFEFCC800CBD639 /* Build configuration list for PBXProject "WhisperPad" */ = {
			isa = XCConfigurationList;
			buildConfigurations = (
				F70A48FF2EFEFCC900CBD639 /* Debug */,
				F70A49002EFEFCC900CBD639 /* Release */,
			);
			defaultConfigurationIsVisible = 0;
			defaultConfigurationName = Release;
		};
		F70A49012EFEFCC900CBD639 /* Build configuration list for PBXNativeTarget "WhisperPad" */ = {
			isa = XCConfigurationList;
			buildConfigurations = (
				F70A49022EFEFCC900CBD639 /* Debug */,
				F70A49032EFEFCC900CBD639 /* Release */,
			);
			defaultConfigurationIsVisible = 0;
			defaultConfigurationName = Release;
		};
		F70A49142EFEFD0200CBD639 /* Build configuration list for PBXNativeTarget "WhisperPadTests" */ = {
			isa = XCConfigurationList;
			buildConfigurations = (
				F70A49162EFEFD0200CBD639 /* Debug */,
				F70A49172EFEFD0200CBD639 /* Release */,
			);
			defaultConfigurationIsVisible = 0;
			defaultConfigurationName = Release;
		};
/* End XCConfigurationList section */

/* Begin XCRemoteSwiftPackageReference section */
		F70A49082EFEFD0000CBD639 /* XCRemoteSwiftPackageReference "swift-composable-architecture" */ = {
			isa = XCRemoteSwiftPackageReference;
			repositoryURL = "https://github.com/pointfreeco/swift-composable-architecture";
			requirement = {
				kind = upToNextMajorVersion;
				minimumVersion = 1.23.1;
			};
		};
		F7B12A002F1300000000001C /* XCRemoteSwiftPackageReference "WhisperKit" */ = {
			isa = XCRemoteSwiftPackageReference;
			repositoryURL = "https://github.com/argmaxinc/WhisperKit.git";
			requirement = {
				kind = upToNextMajorVersion;
				minimumVersion = 0.15.0;
			};
		};
		F7HOTKEY0000000000000003 /* XCRemoteSwiftPackageReference "HotKey" */ = {
			isa = XCRemoteSwiftPackageReference;
			repositoryURL = "https://github.com/soffes/HotKey.git";
			requirement = {
				kind = upToNextMajorVersion;
				minimumVersion = 0.2.1;
			};
		};
/* End XCRemoteSwiftPackageReference section */

/* Begin XCSwiftPackageProductDependency section */
		F70A49092EFEFD0000CBD639 /* ComposableArchitecture */ = {
			isa = XCSwiftPackageProductDependency;
			package = F70A49082EFEFD0000CBD639 /* XCRemoteSwiftPackageReference "swift-composable-architecture" */;
			productName = ComposableArchitecture;
		};
		F7B12A002F1300000000001B /* WhisperKit */ = {
			isa = XCSwiftPackageProductDependency;
			package = F7B12A002F1300000000001C /* XCRemoteSwiftPackageReference "WhisperKit" */;
			productName = WhisperKit;
		};
		F7HOTKEY0000000000000002 /* HotKey */ = {
			isa = XCSwiftPackageProductDependency;
			package = F7HOTKEY0000000000000003 /* XCRemoteSwiftPackageReference "HotKey" */;
			productName = HotKey;
		};
/* End XCSwiftPackageProductDependency section */
	};
	rootObject = F70A48EE2EFEFCC800CBD639 /* Project object */;
}
